
Microsoft Visual Studio Solution File, Format Version 12.00
# Visual Studio Version 16
VisualStudioVersion = 16.0.29728.190
MinimumVisualStudioVersion = 10.0.40219.1
Project("{FAE04EC0-301F-11D3-BF4B-00C04F79EFBC}") = "Task Calendar", "Task Calendar\Task Calendar.csproj", "{21822C1A-9879-49C4-A83C-0563E7D5224E}"
EndProject
Global
	GlobalSection(SolutionConfigurationPlatforms) = preSolution
		Debug|Any CPU = Debug|Any CPU
		Release|Any CPU = Release|Any CPU
	EndGlobalSection
	GlobalSection(ProjectConfigurationPlatforms) = postSolution
		{21822C1A-9879-49C4-A83C-0563E7D5224E}.Debug|Any CPU.ActiveCfg = Debug|Any CPU
		{21822C1A-9879-49C4-A83C-0563E7D5224E}.Debug|Any CPU.Build.0 = Debug|Any CPU
		{21822C1A-9879-49C4-A83C-0563E7D5224E}.Release|Any CPU.ActiveCfg = Release|Any CPU
		{21822C1A-9879-49C4-A83C-0563E7D5224E}.Release|Any CPU.Build.0 = Release|Any CPU
	EndGlobalSection
	GlobalSection(SolutionProperties) = preSolution
		HideSolutionNode = FALSE
	EndGlobalSection
	GlobalSection(ExtensibilityGlobals) = postSolution
		SolutionGuid = {44AA7EC9-FF85-4B00-AE09-F8D6FEADC3FD}
	EndGlobalSection
EndGlobal
